Microsoft Visual Studio Solution File, Format Version 12.00
# Visual Studio Version 17
VisualStudioVersion = 17.5.2.0
MinimumVisualStudioVersion = 10.0.40219.1
Project("{FAE04EC0-301F-11D3-BF4B-00C04F79EFBC}") = "Inventory1", "Inventory1.csproj", "{B7CDF92A-3382-4495-B5D9-112231544475}"
EndProject
Global
	GlobalSection(SolutionConfigurationPlatforms) = preSolution
		Debug|Any CPU = Debug|Any CPU
		Release|Any CPU = Release|Any CPU
	EndGlobalSection
	GlobalSection(ProjectConfigurationPlatforms) = postSolution
		{B7CDF92A-3382-4495-B5D9-112231544475}.Debug|Any CPU.ActiveCfg = Debug|Any CPU
		{B7CDF92A-3382-4495-B5D9-112231544475}.Debug|Any CPU.Build.0 = Debug|Any CPU
		{B7CDF92A-3382-4495-B5D9-112231544475}.Release|Any CPU.ActiveCfg = Release|Any CPU
		{B7CDF92A-3382-4495-B5D9-112231544475}.Release|Any CPU.Build.0 = Release|Any CPU
	EndGlobalSection
	GlobalSection(SolutionProperties) = preSolution
		HideSolutionNode = FALSE
	EndGlobalSection
	GlobalSection(ExtensibilityGlobals) = postSolution
		SolutionGuid = {FCF19EA9-E2FA-4969-A224-86EBC15CB055}
	EndGlobalSection
EndGlobal
